
Microsoft Visual Studio Solution File, Format Version 12.00
# Visual Studio Version 16
VisualStudioVersion = 16.0.31729.503
MinimumVisualStudioVersion = 10.0.40219.1
Project("{FAE04EC0-301F-11D3-BF4B-00C04F79EFBC}") = "TieuLuan", "TieuLuan\TieuLuan.csproj", "{D02C7A02-1115-452B-B5B7-5F9D911E1697}"
EndProject
Global
	GlobalSection(SolutionConfigurationPlatforms) = preSolution
		Debug|Any CPU = Debug|Any CPU
		Release|Any CPU = Release|Any CPU
	EndGlobalSection
	GlobalSection(ProjectConfigurationPlatforms) = postSolution
		{D02C7A02-1115-452B-B5B7-5F9D911E1697}.Debug|Any CPU.ActiveCfg = Debug|Any CPU
		{D02C7A02-1115-452B-B5B7-5F9D911E1697}.Debug|Any CPU.Build.0 = Debug|Any CPU
		{D02C7A02-1115-452B-B5B7-5F9D911E1697}.Release|Any CPU.ActiveCfg = Release|Any CPU
		{D02C7A02-1115-452B-B5B7-5F9D911E1697}.Release|Any CPU.Build.0 = Release|Any CPU
	EndGlobalSection
	GlobalSection(SolutionProperties) = preSolution
		HideSolutionNode = FALSE
	EndGlobalSection
	GlobalSection(ExtensibilityGlobals) = postSolution
		SolutionGuid = {9825707E-8AB9-4372-9528-9A6408FBF2D6}
	EndGlobalSection
EndGlobal
